
Microsoft Visual Studio Solution File, Format Version 12.00
# Visual Studio Version 16
VisualStudioVersion = 16.0.31410.357
MinimumVisualStudioVersion = 10.0.40219.1
Project("{FAE04EC0-301F-11D3-BF4B-00C04F79EFBC}") = "ContactManager", "ContactManager\ContactManager.csproj", "{1014D924-28A4-48A9-BD6A-34DC3A792DA9}"
EndProject
Global
	GlobalSection(SolutionConfigurationPlatforms) = preSolution
		Debug|Any CPU = Debug|Any CPU
		Release|Any CPU = Release|Any CPU
	EndGlobalSection
	GlobalSection(ProjectConfigurationPlatforms) = postSolution
		{1014D924-28A4-48A9-BD6A-34DC3A792DA9}.Debug|Any CPU.ActiveCfg = Debug|Any CPU
		{1014D924-28A4-48A9-BD6A-34DC3A792DA9}.Debug|Any CPU.Build.0 = Debug|Any CPU
		{1014D924-28A4-48A9-BD6A-34DC3A792DA9}.Release|Any CPU.ActiveCfg = Release|Any CPU
		{1014D924-28A4-48A9-BD6A-34DC3A792DA9}.Release|Any CPU.Build.0 = Release|Any CPU
	EndGlobalSection
	GlobalSection(SolutionProperties) = preSolution
		HideSolutionNode = FALSE
	EndGlobalSection
	GlobalSection(ExtensibilityGlobals) = postSolution
		SolutionGuid = {8F5A08FF-581C-43BD-A552-4AC8CBCAD05A}
	EndGlobalSection
EndGlobal
